
Microsoft Visual Studio Solution File, Format Version 12.00
# Visual Studio Version 16
VisualStudioVersion = 16.0.30204.135
MinimumVisualStudioVersion = 10.0.40219.1
Project("{FAE04EC0-301F-11D3-BF4B-00C04F79EFBC}") = "Pole_ITA", "Pole_ITA\Pole_ITA.csproj", "{925BBA6E-1BE0-43A2-B3C7-8EA03E552E07}"
EndProject
Global
	GlobalSection(SolutionConfigurationPlatforms) = preSolution
		Debug|Any CPU = Debug|Any CPU
		Release|Any CPU = Release|Any CPU
	EndGlobalSection
	GlobalSection(ProjectConfigurationPlatforms) = postSolution
		{925BBA6E-1BE0-43A2-B3C7-8EA03E552E07}.Debug|Any CPU.ActiveCfg = Debug|Any CPU
		{925BBA6E-1BE0-43A2-B3C7-8EA03E552E07}.Debug|Any CPU.Build.0 = Debug|Any CPU
		{925BBA6E-1BE0-43A2-B3C7-8EA03E552E07}.Release|Any CPU.ActiveCfg = Release|Any CPU
		{925BBA6E-1BE0-43A2-B3C7-8EA03E552E07}.Release|Any CPU.Build.0 = Release|Any CPU
	EndGlobalSection
	GlobalSection(SolutionProperties) = preSolution
		HideSolutionNode = FALSE
	EndGlobalSection
	GlobalSection(ExtensibilityGlobals) = postSolution
		SolutionGuid = {E3ED31D9-E010-4BCC-8245-BA90EC913963}
	EndGlobalSection
EndGlobal
